// !$*UTF8*$!
{
	archiveVersion = 1;
	classes = {
	};
	objectVersion = 55;
	objects = {

/* Begin PBXBuildFile section */
		8B16D176283005C000F1AECC /* APIManager.swift in Sources */ = {isa = PBXBuildFile; fileRef = 8B16D175283005C000F1AECC /* APIManager.swift */; };
		8B6E7F6F283BD0E400346E8A /* BookListCellinXib.swift in Sources */ = {isa = PBXBuildFile; fileRef = 8B6E7F6D283BD0E400346E8A /* BookListCellinXib.swift */; };
		8B6E7F70283BD0E400346E8A /* BookListCellinXib.xib in Resources */ = {isa = PBXBuildFile; fileRef = 8B6E7F6E283BD0E400346E8A /* BookListCellinXib.xib */; };
		8BBA547D282650940011DE8A /* AppDelegate.swift in Sources */ = {isa = PBXBuildFile; fileRef = 8BBA547C282650940011DE8A /* AppDelegate.swift */; };
		8BBA547F282650940011DE8A /* SceneDelegate.swift in Sources */ = {isa = PBXBuildFile; fileRef = 8BBA547E282650940011DE8A /* SceneDelegate.swift */; };
		8BBA5481282650940011DE8A /* BookListVC.swift in Sources */ = {isa = PBXBuildFile; fileRef = 8BBA5480282650940011DE8A /* BookListVC.swift */; };
		8BBA5484282650940011DE8A /* Main.storyboard in Resources */ = {isa = PBXBuildFile; fileRef = 8BBA5482282650940011DE8A /* Main.storyboard */; };
		8BBA5486282650970011DE8A /* Assets.xcassets in Resources */ = {isa = PBXBuildFile; fileRef = 8BBA5485282650970011DE8A /* Assets.xcassets */; };
		8BBA5489282650970011DE8A /* LaunchScreen.storyboard in Resources */ = {isa = PBXBuildFile; fileRef = 8BBA5487282650970011DE8A /* LaunchScreen.storyboard */; };
		8BBA54AD282658830011DE8A /* MyPageVC.swift in Sources */ = {isa = PBXBuildFile; fileRef = 8BBA54AC282658830011DE8A /* MyPageVC.swift */; };
		8BBA54AF282658A90011DE8A /* BookListCell.swift in Sources */ = {isa = PBXBuildFile; fileRef = 8BBA54AE282658A90011DE8A /* BookListCell.swift */; };
		8BBA54B1282662B20011DE8A /* BookModel.swift in Sources */ = {isa = PBXBuildFile; fileRef = 8BBA54B0282662B20011DE8A /* BookModel.swift */; };
		8BBA54B32826CDBE0011DE8A /* MyPageCell.swift in Sources */ = {isa = PBXBuildFile; fileRef = 8BBA54B22826CDBE0011DE8A /* MyPageCell.swift */; };
		8BBA54B72826ECF40011DE8A /* AlertManager.swift in Sources */ = {isa = PBXBuildFile; fileRef = 8BBA54B62826ECF40011DE8A /* AlertManager.swift */; };
/* End PBXBuildFile section */

/* Begin PBXContainerItemProxy section */
		8BBA5490282650970011DE8A /* PBXContainerItemProxy */ = {
			isa = PBXContainerItemProxy;
			containerPortal = 8BBA5471282650940011DE8A /* Project object */;
			proxyType = 1;
			remoteGlobalIDString = 8BBA5478282650940011DE8A;
			remoteInfo = BookList2;
		};
		8BBA549A282650970011DE8A /* PBXContainerItemProxy */ = {
			isa = PBXContainerItemProxy;
			containerPortal = 8BBA5471282650940011DE8A /* Project object */;
			proxyType = 1;
			remoteGlobalIDString = 8BBA5478282650940011DE8A;
			remoteInfo = BookList2;
		};
/* End PBXContainerItemProxy section */

/* Begin PBXFileReference section */
		8B16D175283005C000F1AECC /* APIManager.swift */ = {isa = PBXFileReference; lastKnownFileType = sourcecode.swift; path = APIManager.swift; sourceTree = "<group>"; };
		8B6E7F6D283BD0E400346E8A /* BookListCellinXib.swift */ = {isa = PBXFileReference; lastKnownFileType = sourcecode.swift; path = BookListCellinXib.swift; sourceTree = "<group>"; };
		8B6E7F6E283BD0E400346E8A /* BookListCellinXib.xib */ = {isa = PBXFileReference; lastKnownFileType = file.xib; path = BookListCellinXib.xib; sourceTree = "<group>"; };
		8BBA5479282650940011DE8A /* BookList2.app */ = {isa = PBXFileReference; explicitFileType = wrapper.application; includeInIndex = 0; path = BookList2.app; sourceTree = BUILT_PRODUCTS_DIR; };
		8BBA547C282650940011DE8A /* AppDelegate.swift */ = {isa = PBXFileReference; lastKnownFileType = sourcecode.swift; path = AppDelegate.swift; sourceTree = "<group>"; };
		8BBA547E282650940011DE8A /* SceneDelegate.swift */ = {isa = PBXFileReference; lastKnownFileType = sourcecode.swift; path = SceneDelegate.swift; sourceTree = "<group>"; };
		8BBA5480282650940011DE8A /* BookListVC.swift */ = {isa = PBXFileReference; lastKnownFileType = sourcecode.swift; path = BookListVC.swift; sourceTree = "<group>"; };
		8BBA5483282650940011DE8A /* Base */ = {isa = PBXFileReference; lastKnownFileType = file.storyboard; name = Base; path = Base.lproj/Main.storyboard; sourceTree = "<group>"; };
		8BBA5485282650970011DE8A /* Assets.xcassets */ = {isa = PBXFileReference; lastKnownFileType = folder.assetcatalog; path = Assets.xcassets; sourceTree = "<group>"; };
		8BBA5488282650970011DE8A /* Base */ = {isa = PBXFileReference; lastKnownFileType = file.storyboard; name = Base; path = Base.lproj/LaunchScreen.storyboard; sourceTree = "<group>"; };
		8BBA548A282650970011DE8A /* Info.plist */ = {isa = PBXFileReference; lastKnownFileType = text.plist.xml; path = Info.plist; sourceTree = "<group>"; };
		8BBA548F282650970011DE8A /* BookList2Tests.xctest */ = {isa = PBXFileReference; explicitFileType = wrapper.cfbundle; includeInIndex = 0; path = BookList2Tests.xctest; sourceTree = BUILT_PRODUCTS_DIR; };
		8BBA5499282650970011DE8A /* BookList2UITests.xctest */ = {isa = PBXFileReference; explicitFileType = wrapper.cfbundle; includeInIndex = 0; path = BookList2UITests.xctest; sourceTree = BUILT_PRODUCTS_DIR; };
		8BBA54AC282658830011DE8A /* MyPageVC.swift */ = {isa = PBXFileReference; lastKnownFileType = sourcecode.swift; path = MyPageVC.swift; sourceTree = "<group>"; };
		8BBA54AE282658A90011DE8A /* BookListCell.swift */ = {isa = PBXFileReference; lastKnownFileType = sourcecode.swift; path = BookListCell.swift; sourceTree = "<group>"; };
		8BBA54B0282662B20011DE8A /* BookModel.swift */ = {isa = PBXFileReference; lastKnownFileType = sourcecode.swift; path = BookModel.swift; sourceTree = "<group>"; };
		8BBA54B22826CDBE0011DE8A /* MyPageCell.swift */ = {isa = PBXFileReference; lastKnownFileType = sourcecode.swift; path = MyPageCell.swift; sourceTree = "<group>"; };
		8BBA54B62826ECF40011DE8A /* AlertManager.swift */ = {isa = PBXFileReference; lastKnownFileType = sourcecode.swift; path = AlertManager.swift; sourceTree = "<group>"; };
/* End PBXFileReference section */

/* Begin PBXFrameworksBuildPhase section */
		8BBA5476282650940011DE8A /* Frameworks */ = {
			isa = PBXFrameworksBuildPhase;
			buildActionMask = 2147483647;
			files = (
			);
			runOnlyForDeploymentPostprocessing = 0;
		};
		8BBA548C282650970011DE8A /* Frameworks */ = {
			isa = PBXFrameworksBuildPhase;
			buildActionMask = 2147483647;
			files = (
			);
			runOnlyForDeploymentPostprocessing = 0;
		};
		8BBA5496282650970011DE8A /* Frameworks */ = {
			isa = PBXFrameworksBuildPhase;
			buildActionMask = 2147483647;
			files = (
			);
			runOnlyForDeploymentPostprocessing = 0;
		};
/* End PBXFrameworksBuildPhase section */

/* Begin PBXGroup section */
		8B9A072028301FC30058D9D0 /* ViewControllers */ = {
			isa = PBXGroup;
			children = (
				8BBA5480282650940011DE8A /* BookListVC.swift */,
				8BBA54AE282658A90011DE8A /* BookListCell.swift */,
				8BBA54AC282658830011DE8A /* MyPageVC.swift */,
				8BBA54B22826CDBE0011DE8A /* MyPageCell.swift */,
			);
			path = ViewControllers;
			sourceTree = "<group>";
		};
		8B9A072128301FD90058D9D0 /* Model */ = {
			isa = PBXGroup;
			children = (
				8BBA54B0282662B20011DE8A /* BookModel.swift */,
			);
			path = Model;
			sourceTree = "<group>";
		};
		8B9A072228301FF00058D9D0 /* Manager */ = {
			isa = PBXGroup;
			children = (
				8BBA54B62826ECF40011DE8A /* AlertManager.swift */,
				8B16D175283005C000F1AECC /* APIManager.swift */,
			);
			path = Manager;
			sourceTree = "<group>";
		};
		8BBA5470282650940011DE8A = {
			isa = PBXGroup;
			children = (
				8BBA547B282650940011DE8A /* BookList2 */,
				8BBA547A282650940011DE8A /* Products */,
			);
			sourceTree = "<group>";
		};
		8BBA547A282650940011DE8A /* Products */ = {
			isa = PBXGroup;
			children = (
				8BBA5479282650940011DE8A /* BookList2.app */,
				8BBA548F282650970011DE8A /* BookList2Tests.xctest */,
				8BBA5499282650970011DE8A /* BookList2UITests.xctest */,
			);
			name = Products;
			sourceTree = "<group>";
		};
		8BBA547B282650940011DE8A /* BookList2 */ = {
			isa = PBXGroup;
			children = (
				8BC48680283BC108009A754D /* View */,
				8B9A072228301FF00058D9D0 /* Manager */,
				8B9A072128301FD90058D9D0 /* Model */,
				8B9A072028301FC30058D9D0 /* ViewControllers */,
				8BBA547C282650940011DE8A /* AppDelegate.swift */,
				8BBA547E282650940011DE8A /* SceneDelegate.swift */,
				8BBA5485282650970011DE8A /* Assets.xcassets */,
				8BBA5487282650970011DE8A /* LaunchScreen.storyboard */,
				8BBA548A282650970011DE8A /* Info.plist */,
			);
			path = BookList2;
			sourceTree = "<group>";
		};
		8BC48680283BC108009A754D /* View */ = {
			isa = PBXGroup;
			children = (
				8BBA5482282650940011DE8A /* Main.storyboard */,
				8B6E7F6D283BD0E400346E8A /* BookListCellinXib.swift */,
				8B6E7F6E283BD0E400346E8A /* BookListCellinXib.xib */,
			);
			path = View;
			sourceTree = "<group>";
		};
/* End PBXGroup section */

/* Begin PBXNativeTarget section */
		8BBA5478282650940011DE8A /* BookList2 */ = {
			isa = PBXNativeTarget;
			buildConfigurationList = 8BBA54A3282650970011DE8A /* Build configuration list for PBXNativeTarget "BookList2" */;
			buildPhases = (
				8BBA5475282650940011DE8A /* Sources */,
				8BBA5476282650940011DE8A /* Frameworks */,
				8BBA5477282650940011DE8A /* Resources */,
			);
			buildRules = (
			);
			dependencies = (
			);
			name = BookList2;
			productName = BookList2;
			productReference = 8BBA5479282650940011DE8A /* BookList2.app */;
			productType = "com.apple.product-type.application";
		};
		8BBA548E282650970011DE8A /* BookList2Tests */ = {
			isa = PBXNativeTarget;
			buildConfigurationList = 8BBA54A6282650970011DE8A /* Build configuration list for PBXNativeTarget "BookList2Tests" */;
			buildPhases = (
				8BBA548B282650970011DE8A /* Sources */,
				8BBA548C282650970011DE8A /* Frameworks */,
				8BBA548D282650970011DE8A /* Resources */,
			);
			buildRules = (
			);
			dependencies = (
				8BBA5491282650970011DE8A /* PBXTargetDependency */,
			);
			name = BookList2Tests;
			productName = BookList2Tests;
			productReference = 8BBA548F282650970011DE8A /* BookList2Tests.xctest */;
			productType = "com.apple.product-type.bundle.unit-test";
		};
		8BBA5498282650970011DE8A /* BookList2UITests */ = {
			isa = PBXNativeTarget;
			buildConfigurationList = 8BBA54A9282650970011DE8A /* Build configuration list for PBXNativeTarget "BookList2UITests" */;
			buildPhases = (
				8BBA5495282650970011DE8A /* Sources */,
				8BBA5496282650970011DE8A /* Frameworks */,
				8BBA5497282650970011DE8A /* Resources */,
			);
			buildRules = (
			);
			dependencies = (
				8BBA549B282650970011DE8A /* PBXTargetDependency */,
			);
			name = BookList2UITests;
			productName = BookList2UITests;
			productReference = 8BBA5499282650970011DE8A /* BookList2UITests.xctest */;
			productType = "com.apple.product-type.bundle.ui-testing";
		};
/* End PBXNativeTarget section */

/* Begin PBXProject section */
		8BBA5471282650940011DE8A /* Project object */ = {
			isa = PBXProject;
			attributes = {
				BuildIndependentTargetsInParallel = 1;
				LastSwiftUpdateCheck = 1320;
				LastUpgradeCheck = 1320;
				TargetAttributes = {
					8BBA5478282650940011DE8A = {
						CreatedOnToolsVersion = 13.2.1;
					};
					8BBA548E282650970011DE8A = {
						CreatedOnToolsVersion = 13.2.1;
						TestTargetID = 8BBA5478282650940011DE8A;
					};
					8BBA5498282650970011DE8A = {
						CreatedOnToolsVersion = 13.2.1;
						TestTargetID = 8BBA5478282650940011DE8A;
					};
				};
			};
			buildConfigurationList = 8BBA5474282650940011DE8A /* Build configuration list for PBXProject "BookList2" */;
			compatibilityVersion = "Xcode 13.0";
			developmentRegion = en;
			hasScannedForEncodings = 0;
			knownRegions = (
				en,
				Base,
			);
			mainGroup = 8BBA5470282650940011DE8A;
			productRefGroup = 8BBA547A282650940011DE8A /* Products */;
			projectDirPath = "";
			projectRoot = "";
			targets = (
				8BBA5478282650940011DE8A /* BookList2 */,
				8BBA548E282650970011DE8A /* BookList2Tests */,
				8BBA5498282650970011DE8A /* BookList2UITests */,
			);
		};
/* End PBXProject section */

/* Begin PBXResourcesBuildPhase section */
		8BBA5477282650940011DE8A /* Resources */ = {
			isa = PBXResourcesBuildPhase;
			buildActionMask = 2147483647;
			files = (
				8BBA5489282650970011DE8A /* LaunchScreen.storyboard in Resources */,
				8BBA5486282650970011DE8A /* Assets.xcassets in Resources */,
				8BBA5484282650940011DE8A /* Main.storyboard in Resources */,
				8B6E7F70283BD0E400346E8A /* BookListCellinXib.xib in Resources */,
			);
			runOnlyForDeploymentPostprocessing = 0;
		};
		8BBA548D282650970011DE8A /* Resources */ = {
			isa = PBXResourcesBuildPhase;
			buildActionMask = 2147483647;
			files = (
			);
			runOnlyForDeploymentPostprocessing = 0;
		};
		8BBA5497282650970011DE8A /* Resources */ = {
			isa = PBXResourcesBuildPhase;
			buildActionMask = 2147483647;
			files = (
			);
			runOnlyForDeploymentPostprocessing = 0;
		};
/* End PBXResourcesBuildPhase section */

/* Begin PBXSourcesBuildPhase section */
		8BBA5475282650940011DE8A /* Sources */ = {
			isa = PBXSourcesBuildPhase;
			buildActionMask = 2147483647;
			files = (
				8BBA54B32826CDBE0011DE8A /* MyPageCell.swift in Sources */,
				8BBA54B1282662B20011DE8A /* BookModel.swift in Sources */,
				8B16D176283005C000F1AECC /* APIManager.swift in Sources */,
				8BBA5481282650940011DE8A /* BookListVC.swift in Sources */,
				8BBA54AF282658A90011DE8A /* BookListCell.swift in Sources */,
				8BBA547D282650940011DE8A /* AppDelegate.swift in Sources */,
				8BBA54AD282658830011DE8A /* MyPageVC.swift in Sources */,
				8BBA54B72826ECF40011DE8A /* AlertManager.swift in Sources */,
				8BBA547F282650940011DE8A /* SceneDelegate.swift in Sources */,
				8B6E7F6F283BD0E400346E8A /* BookListCellinXib.swift in Sources */,
			);
			runOnlyForDeploymentPostprocessing = 0;
		};
		8BBA548B282650970011DE8A /* Sources */ = {
			isa = PBXSourcesBuildPhase;
			buildActionMask = 2147483647;
			files = (
			);
			runOnlyForDeploymentPostprocessing = 0;
		};
		8BBA5495282650970011DE8A /* Sources */ = {
			isa = PBXSourcesBuildPhase;
			buildActionMask = 2147483647;
			files = (
			);
			runOnlyForDeploymentPostprocessing = 0;
		};
/* End PBXSourcesBuildPhase section */

/* Begin PBXTargetDependency section */
		8BBA5491282650970011DE8A /* PBXTargetDependency */ = {
			isa = PBXTargetDependency;
			target = 8BBA5478282650940011DE8A /* BookList2 */;
			targetProxy = 8BBA5490282650970011DE8A /* PBXContainerItemProxy */;
		};
		8BBA549B282650970011DE8A /* PBXTargetDependency */ = {
			isa = PBXTargetDependency;
			target = 8BBA5478282650940011DE8A /* BookList2 */;
			targetProxy = 8BBA549A282650970011DE8A /* PBXContainerItemProxy */;
		};
/* End PBXTargetDependency section */

/* Begin PBXVariantGroup section */
		8BBA5482282650940011DE8A /* Main.storyboard */ = {
			isa = PBXVariantGroup;
			children = (
				8BBA5483282650940011DE8A /* Base */,
			);
			name = Main.storyboard;
			sourceTree = "<group>";
		};
		8BBA5487282650970011DE8A /* LaunchScreen.storyboard */ = {
			isa = PBXVariantGroup;
			children = (
				8BBA5488282650970011DE8A /* Base */,
			);
			name = LaunchScreen.storyboard;
			sourceTree = "<group>";
		};
/* End PBXVariantGroup section */

/* Begin XCBuildConfiguration section */
		8BBA54A1282650970011DE8A /* Debug */ = {
			isa = XCBuildConfiguration;
			buildSettings = {
				ALWAYS_SEARCH_USER_PATHS = NO;
				CLANG_ANALYZER_NONNULL = YES;
				CLANG_ANALYZER_NUMBER_OBJECT_CONVERSION = YES_AGGRESSIVE;
				CLANG_CXX_LANGUAGE_STANDARD = "gnu++17";
				CLANG_CXX_LIBRARY = "libc++";
				CLANG_ENABLE_MODULES = YES;
				CLANG_ENABLE_OBJC_ARC = YES;
				CLANG_ENABLE_OBJC_WEAK = YES;
				CLANG_WARN_BLOCK_CAPTURE_AUTORELEASING = YES;
				CLANG_WARN_BOOL_CONVERSION = YES;
				CLANG_WARN_COMMA = YES;
				CLANG_WARN_CONSTANT_CONVERSION = YES;
				CLANG_WARN_DEPRECATED_OBJC_IMPLEMENTATIONS = YES;
				CLANG_WARN_DIRECT_OBJC_ISA_USAGE = YES_ERROR;
				CLANG_WARN_DOCUMENTATION_COMMENTS = YES;
				CLANG_WARN_EMPTY_BODY = YES;
				CLANG_WARN_ENUM_CONVERSION = YES;
				CLANG_WARN_INFINITE_RECURSION = YES;
				CLANG_WARN_INT_CONVERSION = YES;
				CLANG_WARN_NON_LITERAL_NULL_CONVERSION = YES;
				CLANG_WARN_OBJC_IMPLICIT_RETAIN_SELF = YES;
				CLANG_WARN_OBJC_LITERAL_CONVERSION = YES;
				CLANG_WARN_OBJC_ROOT_CLASS = YES_ERROR;
				CLANG_WARN_QUOTED_INCLUDE_IN_FRAMEWORK_HEADER = YES;
				CLANG_WARN_RANGE_LOOP_ANALYSIS = YES;
				CLANG_WARN_STRICT_PROTOTYPES = YES;
				CLANG_WARN_SUSPICIOUS_MOVE = YES;
				CLANG_WARN_UNGUARDED_AVAILABILITY = YES_AGGRESSIVE;
				CLANG_WARN_UNREACHABLE_CODE = YES;
				CLANG_WARN__DUPLICATE_METHOD_MATCH = YES;
				COPY_PHASE_STRIP = NO;
				DEBUG_INFORMATION_FORMAT = dwarf;
				ENABLE_STRICT_OBJC_MSGSEND = YES;
				ENABLE_TESTABILITY = YES;
				GCC_C_LANGUAGE_STANDARD = gnu11;
				GCC_DYNAMIC_NO_PIC = NO;
				GCC_NO_COMMON_BLOCKS = YES;
				GCC_OPTIMIZATION_LEVEL = 0;
				GCC_PREPROCESSOR_DEFINITIONS = (
					"DEBUG=1",
					"$(inherited)",
				);
				GCC_WARN_64_TO_32_BIT_CONVERSION = YES;
				GCC_WARN_ABOUT_RETURN_TYPE = YES_ERROR;
				GCC_WARN_UNDECLARED_SELECTOR = YES;
				GCC_WARN_UNINITIALIZED_AUTOS = YES_AGGRESSIVE;
				GCC_WARN_UNUSED_FUNCTION = YES;
				GCC_WARN_UNUSED_VARIABLE = YES;
				IPHONEOS_DEPLOYMENT_TARGET = 15.2;
				MTL_ENABLE_DEBUG_INFO = INCLUDE_SOURCE;
				MTL_FAST_MATH = YES;
				ONLY_ACTIVE_ARCH = YES;
				SDKROOT = iphoneos;
				SWIFT_ACTIVE_COMPILATION_CONDITIONS = DEBUG;
				SWIFT_OPTIMIZATION_LEVEL = "-Onone";
			};
			name = Debug;
		};
		8BBA54A2282650970011DE8A /* Release */ = {
			isa = XCBuildConfiguration;
			buildSettings = {
				ALWAYS_SEARCH_USER_PATHS = NO;
				CLANG_ANALYZER_NONNULL = YES;
				CLANG_ANALYZER_NUMBER_OBJECT_CONVERSION = YES_AGGRESSIVE;
				CLANG_CXX_LANGUAGE_STANDARD = "gnu++17";
				CLANG_CXX_LIBRARY = "libc++";
				CLANG_ENABLE_MODULES = YES;
				CLANG_ENABLE_OBJC_ARC = YES;
				CLANG_ENABLE_OBJC_WEAK = YES;
				CLANG_WARN_BLOCK_CAPTURE_AUTORELEASING = YES;
				CLANG_WARN_BOOL_CONVERSION = YES;
				CLANG_WARN_COMMA = YES;
				CLANG_WARN_CONSTANT_CONVERSION = YES;
				CLANG_WARN_DEPRECATED_OBJC_IMPLEMENTATIONS = YES;
				CLANG_WARN_DIRECT_OBJC_ISA_USAGE = YES_ERROR;
				CLANG_WARN_DOCUMENTATION_COMMENTS = YES;
				CLANG_WARN_EMPTY_BODY = YES;
				CLANG_WARN_ENUM_CONVERSION = YES;
				CLANG_WARN_INFINITE_RECURSION = YES;
				CLANG_WARN_INT_CONVERSION = YES;
				CLANG_WARN_NON_LITERAL_NULL_CONVERSION = YES;
				CLANG_WARN_OBJC_IMPLICIT_RETAIN_SELF = YES;
				CLANG_WARN_OBJC_LITERAL_CONVERSION = YES;
				CLANG_WARN_OBJC_ROOT_CLASS = YES_ERROR;
				CLANG_WARN_QUOTED_INCLUDE_IN_FRAMEWORK_HEADER = YES;
				CLANG_WARN_RANGE_LOOP_ANALYSIS = YES;
				CLANG_WARN_STRICT_PROTOTYPES = YES;
				CLANG_WARN_SUSPICIOUS_MOVE = YES;
				CLANG_WARN_UNGUARDED_AVAILABILITY = YES_AGGRESSIVE;
				CLANG_WARN_UNREACHABLE_CODE = YES;
				CLANG_WARN__DUPLICATE_METHOD_MATCH = YES;
				COPY_PHASE_STRIP = NO;
				DEBUG_INFORMATION_FORMAT = "dwarf-with-dsym";
				ENABLE_NS_ASSERTIONS = NO;
				ENABLE_STRICT_OBJC_MSGSEND = YES;
				GCC_C_LANGUAGE_STANDARD = gnu11;
				GCC_NO_COMMON_BLOCKS = YES;
				GCC_WARN_64_TO_32_BIT_CONVERSION = YES;
				GCC_WARN_ABOUT_RETURN_TYPE = YES_ERROR;
				GCC_WARN_UNDECLARED_SELECTOR = YES;
				GCC_WARN_UNINITIALIZED_AUTOS = YES_AGGRESSIVE;
				GCC_WARN_UNUSED_FUNCTION = YES;
				GCC_WARN_UNUSED_VARIABLE = YES;
				IPHONEOS_DEPLOYMENT_TARGET = 15.2;
				MTL_ENABLE_DEBUG_INFO = NO;
				MTL_FAST_MATH = YES;
				SDKROOT = iphoneos;
				SWIFT_COMPILATION_MODE = wholemodule;
				SWIFT_OPTIMIZATION_LEVEL = "-O";
				VALIDATE_PRODUCT = YES;
			};
			name = Release;
		};
		8BBA54A4282650970011DE8A /* Debug */ = {
			isa = XCBuildConfiguration;
			buildSettings = {
				ASSETCATALOG_COMPILER_APPICON_NAME = AppIcon;
				ASSETCATALOG_COMPILER_GLOBAL_ACCENT_COLOR_NAME = AccentColor;
				CODE_SIGN_STYLE = Automatic;
				CURRENT_PROJECT_VERSION = 1;
				DEVELOPMENT_TEAM = 283MVWC922;
				GENERATE_INFOPLIST_FILE = YES;
				INFOPLIST_FILE = BookList2/Info.plist;
				INFOPLIST_KEY_UIApplicationSupportsIndirectInputEvents = YES;
				INFOPLIST_KEY_UILaunchStoryboardName = LaunchScreen;
				INFOPLIST_KEY_UIMainStoryboardFile = Main;
				INFOPLIST_KEY_UISupportedInterfaceOrientations_iPad = "UIInterfaceOrientationPortrait UIInterfaceOrientationPortraitUpsideDown UIInterfaceOrientationLandscapeLeft UIInterfaceOrientationLandscapeRight";
				INFOPLIST_KEY_UISupportedInterfaceOrientations_iPhone = "UIInterfaceOrientationPortrait UIInterfaceOrientationLandscapeLeft UIInterfaceOrientationLandscapeRight";
				LD_RUNPATH_SEARCH_PATHS = (
					"$(inherited)",
					"@executable_path/Frameworks",
				);
				MARKETING_VERSION = 1.0;
				PRODUCT_BUNDLE_IDENTIFIER = com.florence.BookList2;
				PRODUCT_NAME = "$(TARGET_NAME)";
				SWIFT_EMIT_LOC_STRINGS = YES;
				SWIFT_VERSION = 5.0;
				TARGETED_DEVICE_FAMILY = "1,2";
			};
			name = Debug;
		};
		8BBA54A5282650970011DE8A /* Release */ = {
			isa = XCBuildConfiguration;
			buildSettings = {
				ASSETCATALOG_COMPILER_APPICON_NAME = AppIcon;
				ASSETCATALOG_COMPILER_GLOBAL_ACCENT_COLOR_NAME = AccentColor;
				CODE_SIGN_STYLE = Automatic;
				CURRENT_PROJECT_VERSION = 1;
				DEVELOPMENT_TEAM = 283MVWC922;
				GENERATE_INFOPLIST_FILE = YES;
				INFOPLIST_FILE = BookList2/Info.plist;
				INFOPLIST_KEY_UIApplicationSupportsIndirectInputEvents = YES;
				INFOPLIST_KEY_UILaunchStoryboardName = LaunchScreen;
				INFOPLIST_KEY_UIMainStoryboardFile = Main;
				INFOPLIST_KEY_UISupportedInterfaceOrientations_iPad = "UIInterfaceOrientationPortrait UIInterfaceOrientationPortraitUpsideDown UIInterfaceOrientationLandscapeLeft UIInterfaceOrientationLandscapeRight";
				INFOPLIST_KEY_UISupportedInterfaceOrientations_iPhone = "UIInterfaceOrientationPortrait UIInterfaceOrientationLandscapeLeft UIInterfaceOrientationLandscapeRight";
				LD_RUNPATH_SEARCH_PATHS = (
					"$(inherited)",
					"@executable_path/Frameworks",
				);
				MARKETING_VERSION = 1.0;
				PRODUCT_BUNDLE_IDENTIFIER = com.florence.BookList2;
				PRODUCT_NAME = "$(TARGET_NAME)";
				SWIFT_EMIT_LOC_STRINGS = YES;
				SWIFT_VERSION = 5.0;
				TARGETED_DEVICE_FAMILY = "1,2";
			};
			name = Release;
		};
		8BBA54A7282650970011DE8A /* Debug */ = {
			isa = XCBuildConfiguration;
			buildSettings = {
				ALWAYS_EMBED_SWIFT_STANDARD_LIBRARIES = YES;
				BUNDLE_LOADER = "$(TEST_HOST)";
				CODE_SIGN_STYLE = Automatic;
				CURRENT_PROJECT_VERSION = 1;
				DEVELOPMENT_TEAM = 283MVWC922;
				GENERATE_INFOPLIST_FILE = YES;
				IPHONEOS_DEPLOYMENT_TARGET = 15.2;
				MARKETING_VERSION = 1.0;
				PRODUCT_BUNDLE_IDENTIFIER = com.florence.BookList2Tests;
				PRODUCT_NAME = "$(TARGET_NAME)";
				SWIFT_EMIT_LOC_STRINGS = NO;
				SWIFT_VERSION = 5.0;
				TARGETED_DEVICE_FAMILY = "1,2";
				TEST_HOST = "$(BUILT_PRODUCTS_DIR)/BookList2.app/BookList2";
			};
			name = Debug;
		};
		8BBA54A8282650970011DE8A /* Release */ = {
			isa = XCBuildConfiguration;
			buildSettings = {
				ALWAYS_EMBED_SWIFT_STANDARD_LIBRARIES = YES;
				BUNDLE_LOADER = "$(TEST_HOST)";
				CODE_SIGN_STYLE = Automatic;
				CURRENT_PROJECT_VERSION = 1;
				DEVELOPMENT_TEAM = 283MVWC922;
				GENERATE_INFOPLIST_FILE = YES;
				IPHONEOS_DEPLOYMENT_TARGET = 15.2;
				MARKETING_VERSION = 1.0;
				PRODUCT_BUNDLE_IDENTIFIER = com.florence.BookList2Tests;
				PRODUCT_NAME = "$(TARGET_NAME)";
				SWIFT_EMIT_LOC_STRINGS = NO;
				SWIFT_VERSION = 5.0;
				TARGETED_DEVICE_FAMILY = "1,2";
				TEST_HOST = "$(BUILT_PRODUCTS_DIR)/BookList2.app/BookList2";
			};
			name = Release;
		};
		8BBA54AA282650970011DE8A /* Debug */ = {
			isa = XCBuildConfiguration;
			buildSettings = {
				ALWAYS_EMBED_SWIFT_STANDARD_LIBRARIES = YES;
				CODE_SIGN_STYLE = Automatic;
				CURRENT_PROJECT_VERSION = 1;
				DEVELOPMENT_TEAM = 283MVWC922;
				GENERATE_INFOPLIST_FILE = YES;
				MARKETING_VERSION = 1.0;
				PRODUCT_BUNDLE_IDENTIFIER = com.florence.BookList2UITests;
				PRODUCT_NAME = "$(TARGET_NAME)";
				SWIFT_EMIT_LOC_STRINGS = NO;
				SWIFT_VERSION = 5.0;
				TARGETED_DEVICE_FAMILY = "1,2";
				TEST_TARGET_NAME = BookList2;
			};
			name = Debug;
		};
		8BBA54AB282650970011DE8A /* Release */ = {
			isa = XCBuildConfiguration;
			buildSettings = {
				ALWAYS_EMBED_SWIFT_STANDARD_LIBRARIES = YES;
				CODE_SIGN_STYLE = Automatic;
				CURRENT_PROJECT_VERSION = 1;
				DEVELOPMENT_TEAM = 283MVWC922;
				GENERATE_INFOPLIST_FILE = YES;
				MARKETING_VERSION = 1.0;
				PRODUCT_BUNDLE_IDENTIFIER = com.florence.BookList2UITests;
				PRODUCT_NAME = "$(TARGET_NAME)";
				SWIFT_EMIT_LOC_STRINGS = NO;
				SWIFT_VERSION = 5.0;
				TARGETED_DEVICE_FAMILY = "1,2";
				TEST_TARGET_NAME = BookList2;
			};
			name = Release;
		};
/* End XCBuildConfiguration section */

/* Begin XCConfigurationList section */
		8BBA5474282650940011DE8A /* Build configuration list for PBXProject "BookList2" */ = {
			isa = XCConfigurationList;
			buildConfigurations = (
				8BBA54A1282650970011DE8A /* Debug */,
				8BBA54A2282650970011DE8A /* Release */,
			);
			defaultConfigurationIsVisible = 0;
			defaultConfigurationName = Release;
		};
		8BBA54A3282650970011DE8A /* Build configuration list for PBXNativeTarget "BookList2" */ = {
			isa = XCConfigurationList;
			buildConfigurations = (
				8BBA54A4282650970011DE8A /* Debug */,
				8BBA54A5282650970011DE8A /* Release */,
			);
			defaultConfigurationIsVisible = 0;
			defaultConfigurationName = Release;
		};
		8BBA54A6282650970011DE8A /* Build configuration list for PBXNativeTarget "BookList2Tests" */ = {
			isa = XCConfigurationList;
			buildConfigurations = (
				8BBA54A7282650970011DE8A /* Debug */,
				8BBA54A8282650970011DE8A /* Release */,
			);
			defaultConfigurationIsVisible = 0;
			defaultConfigurationName = Release;
		};
		8BBA54A9282650970011DE8A /* Build configuration list for PBXNativeTarget "BookList2UITests" */ = {
			isa = XCConfigurationList;
			buildConfigurations = (
				8BBA54AA282650970011DE8A /* Debug */,
				8BBA54AB282650970011DE8A /* Release */,
			);
			defaultConfigurationIsVisible = 0;
			defaultConfigurationName = Release;
		};
/* End XCConfigurationList section */
	};
	rootObject = 8BBA5471282650940011DE8A /* Project object */;
}
