// !$*UTF8*$!
{
	archiveVersion = 1;
	classes = {
	};
	objectVersion = 55;
	objects = {

/* Begin PBXBuildFile section */
		8BA7A0AD28294C37008201E4 /* AppDelegate.swift in Sources */ = {isa = PBXBuildFile; fileRef = 8BA7A0AC28294C37008201E4 /* AppDelegate.swift */; };
		8BA7A0AF28294C37008201E4 /* SceneDelegate.swift in Sources */ = {isa = PBXBuildFile; fileRef = 8BA7A0AE28294C37008201E4 /* SceneDelegate.swift */; };
		8BA7A0B128294C37008201E4 /* ViewController.swift in Sources */ = {isa = PBXBuildFile; fileRef = 8BA7A0B028294C37008201E4 /* ViewController.swift */; };
		8BA7A0B428294C37008201E4 /* Main.storyboard in Resources */ = {isa = PBXBuildFile; fileRef = 8BA7A0B228294C37008201E4 /* Main.storyboard */; };
		8BA7A0B628294C39008201E4 /* Assets.xcassets in Resources */ = {isa = PBXBuildFile; fileRef = 8BA7A0B528294C39008201E4 /* Assets.xcassets */; };
		8BA7A0B928294C39008201E4 /* LaunchScreen.storyboard in Resources */ = {isa = PBXBuildFile; fileRef = 8BA7A0B728294C39008201E4 /* LaunchScreen.storyboard */; };
		8BA7A0C428294C39008201E4 /* TableViewOnAlertTests.swift in Sources */ = {isa = PBXBuildFile; fileRef = 8BA7A0C328294C39008201E4 /* TableViewOnAlertTests.swift */; };
		8BA7A0CE28294C39008201E4 /* TableViewOnAlertUITests.swift in Sources */ = {isa = PBXBuildFile; fileRef = 8BA7A0CD28294C39008201E4 /* TableViewOnAlertUITests.swift */; };
		8BA7A0D028294C39008201E4 /* TableViewOnAlertUITestsLaunchTests.swift in Sources */ = {isa = PBXBuildFile; fileRef = 8BA7A0CF28294C39008201E4 /* TableViewOnAlertUITestsLaunchTests.swift */; };
		8BA7A0DD28294DB2008201E4 /* cell.xib in Resources */ = {isa = PBXBuildFile; fileRef = 8BA7A0DC28294DB2008201E4 /* cell.xib */; };
		8BA7A0E1282959CD008201E4 /* TableView.swift in Sources */ = {isa = PBXBuildFile; fileRef = 8BA7A0E0282959CD008201E4 /* TableView.swift */; };
		8BA7A0E428296370008201E4 /* CountryCodeList.plist in Resources */ = {isa = PBXBuildFile; fileRef = 8BA7A0E228296137008201E4 /* CountryCodeList.plist */; };
/* End PBXBuildFile section */

/* Begin PBXContainerItemProxy section */
		8BA7A0C028294C39008201E4 /* PBXContainerItemProxy */ = {
			isa = PBXContainerItemProxy;
			containerPortal = 8BA7A0A128294C37008201E4 /* Project object */;
			proxyType = 1;
			remoteGlobalIDString = 8BA7A0A828294C37008201E4;
			remoteInfo = TableViewOnAlert;
		};
		8BA7A0CA28294C39008201E4 /* PBXContainerItemProxy */ = {
			isa = PBXContainerItemProxy;
			containerPortal = 8BA7A0A128294C37008201E4 /* Project object */;
			proxyType = 1;
			remoteGlobalIDString = 8BA7A0A828294C37008201E4;
			remoteInfo = TableViewOnAlert;
		};
/* End PBXContainerItemProxy section */

/* Begin PBXFileReference section */
		8BA7A0A928294C37008201E4 /* TableViewOnAlert.app */ = {isa = PBXFileReference; explicitFileType = wrapper.application; includeInIndex = 0; path = TableViewOnAlert.app; sourceTree = BUILT_PRODUCTS_DIR; };
		8BA7A0AC28294C37008201E4 /* AppDelegate.swift */ = {isa = PBXFileReference; lastKnownFileType = sourcecode.swift; path = AppDelegate.swift; sourceTree = "<group>"; };
		8BA7A0AE28294C37008201E4 /* SceneDelegate.swift */ = {isa = PBXFileReference; lastKnownFileType = sourcecode.swift; path = SceneDelegate.swift; sourceTree = "<group>"; };
		8BA7A0B028294C37008201E4 /* ViewController.swift */ = {isa = PBXFileReference; lastKnownFileType = sourcecode.swift; path = ViewController.swift; sourceTree = "<group>"; };
		8BA7A0B328294C37008201E4 /* Base */ = {isa = PBXFileReference; lastKnownFileType = file.storyboard; name = Base; path = Base.lproj/Main.storyboard; sourceTree = "<group>"; };
		8BA7A0B528294C39008201E4 /* Assets.xcassets */ = {isa = PBXFileReference; lastKnownFileType = folder.assetcatalog; path = Assets.xcassets; sourceTree = "<group>"; };
		8BA7A0B828294C39008201E4 /* Base */ = {isa = PBXFileReference; lastKnownFileType = file.storyboard; name = Base; path = Base.lproj/LaunchScreen.storyboard; sourceTree = "<group>"; };
		8BA7A0BA28294C39008201E4 /* Info.plist */ = {isa = PBXFileReference; lastKnownFileType = text.plist.xml; path = Info.plist; sourceTree = "<group>"; };
		8BA7A0BF28294C39008201E4 /* TableViewOnAlertTests.xctest */ = {isa = PBXFileReference; explicitFileType = wrapper.cfbundle; includeInIndex = 0; path = TableViewOnAlertTests.xctest; sourceTree = BUILT_PRODUCTS_DIR; };
		8BA7A0C328294C39008201E4 /* TableViewOnAlertTests.swift */ = {isa = PBXFileReference; lastKnownFileType = sourcecode.swift; path = TableViewOnAlertTests.swift; sourceTree = "<group>"; };
		8BA7A0C928294C39008201E4 /* TableViewOnAlertUITests.xctest */ = {isa = PBXFileReference; explicitFileType = wrapper.cfbundle; includeInIndex = 0; path = TableViewOnAlertUITests.xctest; sourceTree = BUILT_PRODUCTS_DIR; };
		8BA7A0CD28294C39008201E4 /* TableViewOnAlertUITests.swift */ = {isa = PBXFileReference; lastKnownFileType = sourcecode.swift; path = TableViewOnAlertUITests.swift; sourceTree = "<group>"; };
		8BA7A0CF28294C39008201E4 /* TableViewOnAlertUITestsLaunchTests.swift */ = {isa = PBXFileReference; lastKnownFileType = sourcecode.swift; path = TableViewOnAlertUITestsLaunchTests.swift; sourceTree = "<group>"; };
		8BA7A0DC28294DB2008201E4 /* cell.xib */ = {isa = PBXFileReference; lastKnownFileType = file.xib; path = cell.xib; sourceTree = "<group>"; };
		8BA7A0E0282959CD008201E4 /* TableView.swift */ = {isa = PBXFileReference; lastKnownFileType = sourcecode.swift; path = TableView.swift; sourceTree = "<group>"; };
		8BA7A0E228296137008201E4 /* CountryCodeList.plist */ = {isa = PBXFileReference; fileEncoding = 4; lastKnownFileType = text.plist.xml; path = CountryCodeList.plist; sourceTree = "<group>"; };
/* End PBXFileReference section */

/* Begin PBXFrameworksBuildPhase section */
		8BA7A0A628294C37008201E4 /* Frameworks */ = {
			isa = PBXFrameworksBuildPhase;
			buildActionMask = 2147483647;
			files = (
			);
			runOnlyForDeploymentPostprocessing = 0;
		};
		8BA7A0BC28294C39008201E4 /* Frameworks */ = {
			isa = PBXFrameworksBuildPhase;
			buildActionMask = 2147483647;
			files = (
			);
			runOnlyForDeploymentPostprocessing = 0;
		};
		8BA7A0C628294C39008201E4 /* Frameworks */ = {
			isa = PBXFrameworksBuildPhase;
			buildActionMask = 2147483647;
			files = (
			);
			runOnlyForDeploymentPostprocessing = 0;
		};
/* End PBXFrameworksBuildPhase section */

/* Begin PBXGroup section */
		8BA7A0A028294C37008201E4 = {
			isa = PBXGroup;
			children = (
				8BA7A0AB28294C37008201E4 /* TableViewOnAlert */,
				8BA7A0C228294C39008201E4 /* TableViewOnAlertTests */,
				8BA7A0CC28294C39008201E4 /* TableViewOnAlertUITests */,
				8BA7A0AA28294C37008201E4 /* Products */,
			);
			sourceTree = "<group>";
		};
		8BA7A0AA28294C37008201E4 /* Products */ = {
			isa = PBXGroup;
			children = (
				8BA7A0A928294C37008201E4 /* TableViewOnAlert.app */,
				8BA7A0BF28294C39008201E4 /* TableViewOnAlertTests.xctest */,
				8BA7A0C928294C39008201E4 /* TableViewOnAlertUITests.xctest */,
			);
			name = Products;
			sourceTree = "<group>";
		};
		8BA7A0AB28294C37008201E4 /* TableViewOnAlert */ = {
			isa = PBXGroup;
			children = (
				8BA7A0AC28294C37008201E4 /* AppDelegate.swift */,
				8BA7A0AE28294C37008201E4 /* SceneDelegate.swift */,
				8BA7A0B028294C37008201E4 /* ViewController.swift */,
				8BA7A0E0282959CD008201E4 /* TableView.swift */,
				8BA7A0B228294C37008201E4 /* Main.storyboard */,
				8BA7A0DC28294DB2008201E4 /* cell.xib */,
				8BA7A0B528294C39008201E4 /* Assets.xcassets */,
				8BA7A0B728294C39008201E4 /* LaunchScreen.storyboard */,
				8BA7A0BA28294C39008201E4 /* Info.plist */,
				8BA7A0E228296137008201E4 /* CountryCodeList.plist */,
			);
			path = TableViewOnAlert;
			sourceTree = "<group>";
		};
		8BA7A0C228294C39008201E4 /* TableViewOnAlertTests */ = {
			isa = PBXGroup;
			children = (
				8BA7A0C328294C39008201E4 /* TableViewOnAlertTests.swift */,
			);
			path = TableViewOnAlertTests;
			sourceTree = "<group>";
		};
		8BA7A0CC28294C39008201E4 /* TableViewOnAlertUITests */ = {
			isa = PBXGroup;
			children = (
				8BA7A0CD28294C39008201E4 /* TableViewOnAlertUITests.swift */,
				8BA7A0CF28294C39008201E4 /* TableViewOnAlertUITestsLaunchTests.swift */,
			);
			path = TableViewOnAlertUITests;
			sourceTree = "<group>";
		};
/* End PBXGroup section */

/* Begin PBXNativeTarget section */
		8BA7A0A828294C37008201E4 /* TableViewOnAlert */ = {
			isa = PBXNativeTarget;
			buildConfigurationList = 8BA7A0D328294C39008201E4 /* Build configuration list for PBXNativeTarget "TableViewOnAlert" */;
			buildPhases = (
				8BA7A0A528294C37008201E4 /* Sources */,
				8BA7A0A628294C37008201E4 /* Frameworks */,
				8BA7A0A728294C37008201E4 /* Resources */,
			);
			buildRules = (
			);
			dependencies = (
			);
			name = TableViewOnAlert;
			productName = TableViewOnAlert;
			productReference = 8BA7A0A928294C37008201E4 /* TableViewOnAlert.app */;
			productType = "com.apple.product-type.application";
		};
		8BA7A0BE28294C39008201E4 /* TableViewOnAlertTests */ = {
			isa = PBXNativeTarget;
			buildConfigurationList = 8BA7A0D628294C39008201E4 /* Build configuration list for PBXNativeTarget "TableViewOnAlertTests" */;
			buildPhases = (
				8BA7A0BB28294C39008201E4 /* Sources */,
				8BA7A0BC28294C39008201E4 /* Frameworks */,
				8BA7A0BD28294C39008201E4 /* Resources */,
			);
			buildRules = (
			);
			dependencies = (
				8BA7A0C128294C39008201E4 /* PBXTargetDependency */,
			);
			name = TableViewOnAlertTests;
			productName = TableViewOnAlertTests;
			productReference = 8BA7A0BF28294C39008201E4 /* TableViewOnAlertTests.xctest */;
			productType = "com.apple.product-type.bundle.unit-test";
		};
		8BA7A0C828294C39008201E4 /* TableViewOnAlertUITests */ = {
			isa = PBXNativeTarget;
			buildConfigurationList = 8BA7A0D928294C39008201E4 /* Build configuration list for PBXNativeTarget "TableViewOnAlertUITests" */;
			buildPhases = (
				8BA7A0C528294C39008201E4 /* Sources */,
				8BA7A0C628294C39008201E4 /* Frameworks */,
				8BA7A0C728294C39008201E4 /* Resources */,
			);
			buildRules = (
			);
			dependencies = (
				8BA7A0CB28294C39008201E4 /* PBXTargetDependency */,
			);
			name = TableViewOnAlertUITests;
			productName = TableViewOnAlertUITests;
			productReference = 8BA7A0C928294C39008201E4 /* TableViewOnAlertUITests.xctest */;
			productType = "com.apple.product-type.bundle.ui-testing";
		};
/* End PBXNativeTarget section */

/* Begin PBXProject section */
		8BA7A0A128294C37008201E4 /* Project object */ = {
			isa = PBXProject;
			attributes = {
				BuildIndependentTargetsInParallel = 1;
				LastSwiftUpdateCheck = 1320;
				LastUpgradeCheck = 1320;
				TargetAttributes = {
					8BA7A0A828294C37008201E4 = {
						CreatedOnToolsVersion = 13.2.1;
					};
					8BA7A0BE28294C39008201E4 = {
						CreatedOnToolsVersion = 13.2.1;
						TestTargetID = 8BA7A0A828294C37008201E4;
					};
					8BA7A0C828294C39008201E4 = {
						CreatedOnToolsVersion = 13.2.1;
						TestTargetID = 8BA7A0A828294C37008201E4;
					};
				};
			};
			buildConfigurationList = 8BA7A0A428294C37008201E4 /* Build configuration list for PBXProject "TableViewOnAlert" */;
			compatibilityVersion = "Xcode 13.0";
			developmentRegion = en;
			hasScannedForEncodings = 0;
			knownRegions = (
				en,
				Base,
			);
			mainGroup = 8BA7A0A028294C37008201E4;
			productRefGroup = 8BA7A0AA28294C37008201E4 /* Products */;
			projectDirPath = "";
			projectRoot = "";
			targets = (
				8BA7A0A828294C37008201E4 /* TableViewOnAlert */,
				8BA7A0BE28294C39008201E4 /* TableViewOnAlertTests */,
				8BA7A0C828294C39008201E4 /* TableViewOnAlertUITests */,
			);
		};
/* End PBXProject section */

/* Begin PBXResourcesBuildPhase section */
		8BA7A0A728294C37008201E4 /* Resources */ = {
			isa = PBXResourcesBuildPhase;
			buildActionMask = 2147483647;
			files = (
				8BA7A0E428296370008201E4 /* CountryCodeList.plist in Resources */,
				8BA7A0B928294C39008201E4 /* LaunchScreen.storyboard in Resources */,
				8BA7A0DD28294DB2008201E4 /* cell.xib in Resources */,
				8BA7A0B628294C39008201E4 /* Assets.xcassets in Resources */,
				8BA7A0B428294C37008201E4 /* Main.storyboard in Resources */,
			);
			runOnlyForDeploymentPostprocessing = 0;
		};
		8BA7A0BD28294C39008201E4 /* Resources */ = {
			isa = PBXResourcesBuildPhase;
			buildActionMask = 2147483647;
			files = (
			);
			runOnlyForDeploymentPostprocessing = 0;
		};
		8BA7A0C728294C39008201E4 /* Resources */ = {
			isa = PBXResourcesBuildPhase;
			buildActionMask = 2147483647;
			files = (
			);
			runOnlyForDeploymentPostprocessing = 0;
		};
/* End PBXResourcesBuildPhase section */

/* Begin PBXSourcesBuildPhase section */
		8BA7A0A528294C37008201E4 /* Sources */ = {
			isa = PBXSourcesBuildPhase;
			buildActionMask = 2147483647;
			files = (
				8BA7A0B128294C37008201E4 /* ViewController.swift in Sources */,
				8BA7A0E1282959CD008201E4 /* TableView.swift in Sources */,
				8BA7A0AD28294C37008201E4 /* AppDelegate.swift in Sources */,
				8BA7A0AF28294C37008201E4 /* SceneDelegate.swift in Sources */,
			);
			runOnlyForDeploymentPostprocessing = 0;
		};
		8BA7A0BB28294C39008201E4 /* Sources */ = {
			isa = PBXSourcesBuildPhase;
			buildActionMask = 2147483647;
			files = (
				8BA7A0C428294C39008201E4 /* TableViewOnAlertTests.swift in Sources */,
			);
			runOnlyForDeploymentPostprocessing = 0;
		};
		8BA7A0C528294C39008201E4 /* Sources */ = {
			isa = PBXSourcesBuildPhase;
			buildActionMask = 2147483647;
			files = (
				8BA7A0D028294C39008201E4 /* TableViewOnAlertUITestsLaunchTests.swift in Sources */,
				8BA7A0CE28294C39008201E4 /* TableViewOnAlertUITests.swift in Sources */,
			);
			runOnlyForDeploymentPostprocessing = 0;
		};
/* End PBXSourcesBuildPhase section */

/* Begin PBXTargetDependency section */
		8BA7A0C128294C39008201E4 /* PBXTargetDependency */ = {
			isa = PBXTargetDependency;
			target = 8BA7A0A828294C37008201E4 /* TableViewOnAlert */;
			targetProxy = 8BA7A0C028294C39008201E4 /* PBXContainerItemProxy */;
		};
		8BA7A0CB28294C39008201E4 /* PBXTargetDependency */ = {
			isa = PBXTargetDependency;
			target = 8BA7A0A828294C37008201E4 /* TableViewOnAlert */;
			targetProxy = 8BA7A0CA28294C39008201E4 /* PBXContainerItemProxy */;
		};
/* End PBXTargetDependency section */

/* Begin PBXVariantGroup section */
		8BA7A0B228294C37008201E4 /* Main.storyboard */ = {
			isa = PBXVariantGroup;
			children = (
				8BA7A0B328294C37008201E4 /* Base */,
			);
			name = Main.storyboard;
			sourceTree = "<group>";
		};
		8BA7A0B728294C39008201E4 /* LaunchScreen.storyboard */ = {
			isa = PBXVariantGroup;
			children = (
				8BA7A0B828294C39008201E4 /* Base */,
			);
			name = LaunchScreen.storyboard;
			sourceTree = "<group>";
		};
/* End PBXVariantGroup section */

/* Begin XCBuildConfiguration section */
		8BA7A0D128294C39008201E4 /* Debug */ = {
			isa = XCBuildConfiguration;
			buildSettings = {
				ALWAYS_SEARCH_USER_PATHS = NO;
				CLANG_ANALYZER_NONNULL = YES;
				CLANG_ANALYZER_NUMBER_OBJECT_CONVERSION = YES_AGGRESSIVE;
				CLANG_CXX_LANGUAGE_STANDARD = "gnu++17";
				CLANG_CXX_LIBRARY = "libc++";
				CLANG_ENABLE_MODULES = YES;
				CLANG_ENABLE_OBJC_ARC = YES;
				CLANG_ENABLE_OBJC_WEAK = YES;
				CLANG_WARN_BLOCK_CAPTURE_AUTORELEASING = YES;
				CLANG_WARN_BOOL_CONVERSION = YES;
				CLANG_WARN_COMMA = YES;
				CLANG_WARN_CONSTANT_CONVERSION = YES;
				CLANG_WARN_DEPRECATED_OBJC_IMPLEMENTATIONS = YES;
				CLANG_WARN_DIRECT_OBJC_ISA_USAGE = YES_ERROR;
				CLANG_WARN_DOCUMENTATION_COMMENTS = YES;
				CLANG_WARN_EMPTY_BODY = YES;
				CLANG_WARN_ENUM_CONVERSION = YES;
				CLANG_WARN_INFINITE_RECURSION = YES;
				CLANG_WARN_INT_CONVERSION = YES;
				CLANG_WARN_NON_LITERAL_NULL_CONVERSION = YES;
				CLANG_WARN_OBJC_IMPLICIT_RETAIN_SELF = YES;
				CLANG_WARN_OBJC_LITERAL_CONVERSION = YES;
				CLANG_WARN_OBJC_ROOT_CLASS = YES_ERROR;
				CLANG_WARN_QUOTED_INCLUDE_IN_FRAMEWORK_HEADER = YES;
				CLANG_WARN_RANGE_LOOP_ANALYSIS = YES;
				CLANG_WARN_STRICT_PROTOTYPES = YES;
				CLANG_WARN_SUSPICIOUS_MOVE = YES;
				CLANG_WARN_UNGUARDED_AVAILABILITY = YES_AGGRESSIVE;
				CLANG_WARN_UNREACHABLE_CODE = YES;
				CLANG_WARN__DUPLICATE_METHOD_MATCH = YES;
				COPY_PHASE_STRIP = NO;
				DEBUG_INFORMATION_FORMAT = dwarf;
				ENABLE_STRICT_OBJC_MSGSEND = YES;
				ENABLE_TESTABILITY = YES;
				GCC_C_LANGUAGE_STANDARD = gnu11;
				GCC_DYNAMIC_NO_PIC = NO;
				GCC_NO_COMMON_BLOCKS = YES;
				GCC_OPTIMIZATION_LEVEL = 0;
				GCC_PREPROCESSOR_DEFINITIONS = (
					"DEBUG=1",
					"$(inherited)",
				);
				GCC_WARN_64_TO_32_BIT_CONVERSION = YES;
				GCC_WARN_ABOUT_RETURN_TYPE = YES_ERROR;
				GCC_WARN_UNDECLARED_SELECTOR = YES;
				GCC_WARN_UNINITIALIZED_AUTOS = YES_AGGRESSIVE;
				GCC_WARN_UNUSED_FUNCTION = YES;
				GCC_WARN_UNUSED_VARIABLE = YES;
				IPHONEOS_DEPLOYMENT_TARGET = 15.2;
				MTL_ENABLE_DEBUG_INFO = INCLUDE_SOURCE;
				MTL_FAST_MATH = YES;
				ONLY_ACTIVE_ARCH = YES;
				SDKROOT = iphoneos;
				SWIFT_ACTIVE_COMPILATION_CONDITIONS = DEBUG;
				SWIFT_OPTIMIZATION_LEVEL = "-Onone";
			};
			name = Debug;
		};
		8BA7A0D228294C39008201E4 /* Release */ = {
			isa = XCBuildConfiguration;
			buildSettings = {
				ALWAYS_SEARCH_USER_PATHS = NO;
				CLANG_ANALYZER_NONNULL = YES;
				CLANG_ANALYZER_NUMBER_OBJECT_CONVERSION = YES_AGGRESSIVE;
				CLANG_CXX_LANGUAGE_STANDARD = "gnu++17";
				CLANG_CXX_LIBRARY = "libc++";
				CLANG_ENABLE_MODULES = YES;
				CLANG_ENABLE_OBJC_ARC = YES;
				CLANG_ENABLE_OBJC_WEAK = YES;
				CLANG_WARN_BLOCK_CAPTURE_AUTORELEASING = YES;
				CLANG_WARN_BOOL_CONVERSION = YES;
				CLANG_WARN_COMMA = YES;
				CLANG_WARN_CONSTANT_CONVERSION = YES;
				CLANG_WARN_DEPRECATED_OBJC_IMPLEMENTATIONS = YES;
				CLANG_WARN_DIRECT_OBJC_ISA_USAGE = YES_ERROR;
				CLANG_WARN_DOCUMENTATION_COMMENTS = YES;
				CLANG_WARN_EMPTY_BODY = YES;
				CLANG_WARN_ENUM_CONVERSION = YES;
				CLANG_WARN_INFINITE_RECURSION = YES;
				CLANG_WARN_INT_CONVERSION = YES;
				CLANG_WARN_NON_LITERAL_NULL_CONVERSION = YES;
				CLANG_WARN_OBJC_IMPLICIT_RETAIN_SELF = YES;
				CLANG_WARN_OBJC_LITERAL_CONVERSION = YES;
				CLANG_WARN_OBJC_ROOT_CLASS = YES_ERROR;
				CLANG_WARN_QUOTED_INCLUDE_IN_FRAMEWORK_HEADER = YES;
				CLANG_WARN_RANGE_LOOP_ANALYSIS = YES;
				CLANG_WARN_STRICT_PROTOTYPES = YES;
				CLANG_WARN_SUSPICIOUS_MOVE = YES;
				CLANG_WARN_UNGUARDED_AVAILABILITY = YES_AGGRESSIVE;
				CLANG_WARN_UNREACHABLE_CODE = YES;
				CLANG_WARN__DUPLICATE_METHOD_MATCH = YES;
				COPY_PHASE_STRIP = NO;
				DEBUG_INFORMATION_FORMAT = "dwarf-with-dsym";
				ENABLE_NS_ASSERTIONS = NO;
				ENABLE_STRICT_OBJC_MSGSEND = YES;
				GCC_C_LANGUAGE_STANDARD = gnu11;
				GCC_NO_COMMON_BLOCKS = YES;
				GCC_WARN_64_TO_32_BIT_CONVERSION = YES;
				GCC_WARN_ABOUT_RETURN_TYPE = YES_ERROR;
				GCC_WARN_UNDECLARED_SELECTOR = YES;
				GCC_WARN_UNINITIALIZED_AUTOS = YES_AGGRESSIVE;
				GCC_WARN_UNUSED_FUNCTION = YES;
				GCC_WARN_UNUSED_VARIABLE = YES;
				IPHONEOS_DEPLOYMENT_TARGET = 15.2;
				MTL_ENABLE_DEBUG_INFO = NO;
				MTL_FAST_MATH = YES;
				SDKROOT = iphoneos;
				SWIFT_COMPILATION_MODE = wholemodule;
				SWIFT_OPTIMIZATION_LEVEL = "-O";
				VALIDATE_PRODUCT = YES;
			};
			name = Release;
		};
		8BA7A0D428294C39008201E4 /* Debug */ = {
			isa = XCBuildConfiguration;
			buildSettings = {
				ASSETCATALOG_COMPILER_APPICON_NAME = AppIcon;
				ASSETCATALOG_COMPILER_GLOBAL_ACCENT_COLOR_NAME = AccentColor;
				CODE_SIGN_STYLE = Automatic;
				CURRENT_PROJECT_VERSION = 1;
				DEVELOPMENT_TEAM = 283MVWC922;
				GENERATE_INFOPLIST_FILE = YES;
				INFOPLIST_FILE = TableViewOnAlert/Info.plist;
				INFOPLIST_KEY_UIApplicationSupportsIndirectInputEvents = YES;
				INFOPLIST_KEY_UILaunchStoryboardName = LaunchScreen;
				INFOPLIST_KEY_UIMainStoryboardFile = Main;
				INFOPLIST_KEY_UISupportedInterfaceOrientations_iPad = "UIInterfaceOrientationPortrait UIInterfaceOrientationPortraitUpsideDown UIInterfaceOrientationLandscapeLeft UIInterfaceOrientationLandscapeRight";
				INFOPLIST_KEY_UISupportedInterfaceOrientations_iPhone = "UIInterfaceOrientationPortrait UIInterfaceOrientationLandscapeLeft UIInterfaceOrientationLandscapeRight";
				LD_RUNPATH_SEARCH_PATHS = (
					"$(inherited)",
					"@executable_path/Frameworks",
				);
				MARKETING_VERSION = 1.0;
				PRODUCT_BUNDLE_IDENTIFIER = com.florence.TableViewOnAlert;
				PRODUCT_NAME = "$(TARGET_NAME)";
				SWIFT_EMIT_LOC_STRINGS = YES;
				SWIFT_VERSION = 5.0;
				TARGETED_DEVICE_FAMILY = "1,2";
			};
			name = Debug;
		};
		8BA7A0D528294C39008201E4 /* Release */ = {
			isa = XCBuildConfiguration;
			buildSettings = {
				ASSETCATALOG_COMPILER_APPICON_NAME = AppIcon;
				ASSETCATALOG_COMPILER_GLOBAL_ACCENT_COLOR_NAME = AccentColor;
				CODE_SIGN_STYLE = Automatic;
				CURRENT_PROJECT_VERSION = 1;
				DEVELOPMENT_TEAM = 283MVWC922;
				GENERATE_INFOPLIST_FILE = YES;
				INFOPLIST_FILE = TableViewOnAlert/Info.plist;
				INFOPLIST_KEY_UIApplicationSupportsIndirectInputEvents = YES;
				INFOPLIST_KEY_UILaunchStoryboardName = LaunchScreen;
				INFOPLIST_KEY_UIMainStoryboardFile = Main;
				INFOPLIST_KEY_UISupportedInterfaceOrientations_iPad = "UIInterfaceOrientationPortrait UIInterfaceOrientationPortraitUpsideDown UIInterfaceOrientationLandscapeLeft UIInterfaceOrientationLandscapeRight";
				INFOPLIST_KEY_UISupportedInterfaceOrientations_iPhone = "UIInterfaceOrientationPortrait UIInterfaceOrientationLandscapeLeft UIInterfaceOrientationLandscapeRight";
				LD_RUNPATH_SEARCH_PATHS = (
					"$(inherited)",
					"@executable_path/Frameworks",
				);
				MARKETING_VERSION = 1.0;
				PRODUCT_BUNDLE_IDENTIFIER = com.florence.TableViewOnAlert;
				PRODUCT_NAME = "$(TARGET_NAME)";
				SWIFT_EMIT_LOC_STRINGS = YES;
				SWIFT_VERSION = 5.0;
				TARGETED_DEVICE_FAMILY = "1,2";
			};
			name = Release;
		};
		8BA7A0D728294C39008201E4 /* Debug */ = {
			isa = XCBuildConfiguration;
			buildSettings = {
				ALWAYS_EMBED_SWIFT_STANDARD_LIBRARIES = YES;
				BUNDLE_LOADER = "$(TEST_HOST)";
				CODE_SIGN_STYLE = Automatic;
				CURRENT_PROJECT_VERSION = 1;
				DEVELOPMENT_TEAM = 283MVWC922;
				GENERATE_INFOPLIST_FILE = YES;
				IPHONEOS_DEPLOYMENT_TARGET = 15.2;
				MARKETING_VERSION = 1.0;
				PRODUCT_BUNDLE_IDENTIFIER = com.florence.TableViewOnAlertTests;
				PRODUCT_NAME = "$(TARGET_NAME)";
				SWIFT_EMIT_LOC_STRINGS = NO;
				SWIFT_VERSION = 5.0;
				TARGETED_DEVICE_FAMILY = "1,2";
				TEST_HOST = "$(BUILT_PRODUCTS_DIR)/TableViewOnAlert.app/TableViewOnAlert";
			};
			name = Debug;
		};
		8BA7A0D828294C39008201E4 /* Release */ = {
			isa = XCBuildConfiguration;
			buildSettings = {
				ALWAYS_EMBED_SWIFT_STANDARD_LIBRARIES = YES;
				BUNDLE_LOADER = "$(TEST_HOST)";
				CODE_SIGN_STYLE = Automatic;
				CURRENT_PROJECT_VERSION = 1;
				DEVELOPMENT_TEAM = 283MVWC922;
				GENERATE_INFOPLIST_FILE = YES;
				IPHONEOS_DEPLOYMENT_TARGET = 15.2;
				MARKETING_VERSION = 1.0;
				PRODUCT_BUNDLE_IDENTIFIER = com.florence.TableViewOnAlertTests;
				PRODUCT_NAME = "$(TARGET_NAME)";
				SWIFT_EMIT_LOC_STRINGS = NO;
				SWIFT_VERSION = 5.0;
				TARGETED_DEVICE_FAMILY = "1,2";
				TEST_HOST = "$(BUILT_PRODUCTS_DIR)/TableViewOnAlert.app/TableViewOnAlert";
			};
			name = Release;
		};
		8BA7A0DA28294C39008201E4 /* Debug */ = {
			isa = XCBuildConfiguration;
			buildSettings = {
				ALWAYS_EMBED_SWIFT_STANDARD_LIBRARIES = YES;
				CODE_SIGN_STYLE = Automatic;
				CURRENT_PROJECT_VERSION = 1;
				DEVELOPMENT_TEAM = 283MVWC922;
				GENERATE_INFOPLIST_FILE = YES;
				MARKETING_VERSION = 1.0;
				PRODUCT_BUNDLE_IDENTIFIER = com.florence.TableViewOnAlertUITests;
				PRODUCT_NAME = "$(TARGET_NAME)";
				SWIFT_EMIT_LOC_STRINGS = NO;
				SWIFT_VERSION = 5.0;
				TARGETED_DEVICE_FAMILY = "1,2";
				TEST_TARGET_NAME = TableViewOnAlert;
			};
			name = Debug;
		};
		8BA7A0DB28294C39008201E4 /* Release */ = {
			isa = XCBuildConfiguration;
			buildSettings = {
				ALWAYS_EMBED_SWIFT_STANDARD_LIBRARIES = YES;
				CODE_SIGN_STYLE = Automatic;
				CURRENT_PROJECT_VERSION = 1;
				DEVELOPMENT_TEAM = 283MVWC922;
				GENERATE_INFOPLIST_FILE = YES;
				MARKETING_VERSION = 1.0;
				PRODUCT_BUNDLE_IDENTIFIER = com.florence.TableViewOnAlertUITests;
				PRODUCT_NAME = "$(TARGET_NAME)";
				SWIFT_EMIT_LOC_STRINGS = NO;
				SWIFT_VERSION = 5.0;
				TARGETED_DEVICE_FAMILY = "1,2";
				TEST_TARGET_NAME = TableViewOnAlert;
			};
			name = Release;
		};
/* End XCBuildConfiguration section */

/* Begin XCConfigurationList section */
		8BA7A0A428294C37008201E4 /* Build configuration list for PBXProject "TableViewOnAlert" */ = {
			isa = XCConfigurationList;
			buildConfigurations = (
				8BA7A0D128294C39008201E4 /* Debug */,
				8BA7A0D228294C39008201E4 /* Release */,
			);
			defaultConfigurationIsVisible = 0;
			defaultConfigurationName = Release;
		};
		8BA7A0D328294C39008201E4 /* Build configuration list for PBXNativeTarget "TableViewOnAlert" */ = {
			isa = XCConfigurationList;
			buildConfigurations = (
				8BA7A0D428294C39008201E4 /* Debug */,
				8BA7A0D528294C39008201E4 /* Release */,
			);
			defaultConfigurationIsVisible = 0;
			defaultConfigurationName = Release;
		};
		8BA7A0D628294C39008201E4 /* Build configuration list for PBXNativeTarget "TableViewOnAlertTests" */ = {
			isa = XCConfigurationList;
			buildConfigurations = (
				8BA7A0D728294C39008201E4 /* Debug */,
				8BA7A0D828294C39008201E4 /* Release */,
			);
			defaultConfigurationIsVisible = 0;
			defaultConfigurationName = Release;
		};
		8BA7A0D928294C39008201E4 /* Build configuration list for PBXNativeTarget "TableViewOnAlertUITests" */ = {
			isa = XCConfigurationList;
			buildConfigurations = (
				8BA7A0DA28294C39008201E4 /* Debug */,
				8BA7A0DB28294C39008201E4 /* Release */,
			);
			defaultConfigurationIsVisible = 0;
			defaultConfigurationName = Release;
		};
/* End XCConfigurationList section */
	};
	rootObject = 8BA7A0A128294C37008201E4 /* Project object */;
}
